
Microsoft Visual Studio Solution File, Format Version 12.00
# Visual Studio Version 17
VisualStudioVersion = 17.9.34607.119
MinimumVisualStudioVersion = 10.0.40219.1
Project("{FAE04EC0-301F-11D3-BF4B-00C04F79EFBC}") = "AppProject.Web", "AppProject.Web\AppProject.Web.csproj", "{40477DA3-9042-4896-83C3-C918B054791D}"
EndProject
Global
	GlobalSection(SolutionConfigurationPlatforms) = preSolution
		Debug|Any CPU = Debug|Any CPU
		Release|Any CPU = Release|Any CPU
	EndGlobalSection
	GlobalSection(ProjectConfigurationPlatforms) = postSolution
		{40477DA3-9042-4896-83C3-C918B054791D}.Debug|Any CPU.ActiveCfg = Debug|Any CPU
		{40477DA3-9042-4896-83C3-C918B054791D}.Debug|Any CPU.Build.0 = Debug|Any CPU
		{40477DA3-9042-4896-83C3-C918B054791D}.Release|Any CPU.ActiveCfg = Release|Any CPU
		{40477DA3-9042-4896-83C3-C918B054791D}.Release|Any CPU.Build.0 = Release|Any CPU
	EndGlobalSection
	GlobalSection(SolutionProperties) = preSolution
		HideSolutionNode = FALSE
	EndGlobalSection
	GlobalSection(ExtensibilityGlobals) = postSolution
		SolutionGuid = {0660EB93-8851-4EBD-A82D-C6D56BCF3C2E}
	EndGlobalSection
EndGlobal
